
Microsoft Visual Studio Solution File, Format Version 12.00
# Visual Studio 15
VisualStudioVersion = 15.0.28010.2046
MinimumVisualStudioVersion = 10.0.40219.1
Project("{FAE04EC0-301F-11D3-BF4B-00C04F79EFBC}") = "XGames.Domain", "XGames.Domain\XGames.Domain.csproj", "{469BB8AB-DCEF-469B-8BCD-1357FEAAC30A}"
EndProject
Project("{9A19103F-16F7-4668-BE54-9A1E7A4F7556}") = "XGame.AppConsole", "XGame.AppConsole\XGame.AppConsole.csproj", "{A51E25DF-A107-42E8-887C-2EDF41E7EA88}"
EndProject
Project("{2150E333-8FDC-42A3-9474-1A3956D46DE8}") = "Domain", "Domain", "{550E9610-BDD2-4752-B971-9D00165EAB80}"
EndProject
Project("{2150E333-8FDC-42A3-9474-1A3956D46DE8}") = "App", "App", "{706F0B9B-64B4-49C0-B3AA-4550DB46A373}"
EndProject
Project("{2150E333-8FDC-42A3-9474-1A3956D46DE8}") = "Infrastructure", "Infrastructure", "{34F01E72-F697-4FDD-8B87-315A8851D253}"
EndProject
Project("{FAE04EC0-301F-11D3-BF4B-00C04F79EFBC}") = "Infrastructure", "Infrastructure\Infrastructure.csproj", "{54CBF046-206C-4BCF-B32E-1A44C0284211}"
EndProject
Global
	GlobalSection(SolutionConfigurationPlatforms) = preSolution
		Debug|Any CPU = Debug|Any CPU
		Release|Any CPU = Release|Any CPU
	EndGlobalSection
	GlobalSection(ProjectConfigurationPlatforms) = postSolution
		{469BB8AB-DCEF-469B-8BCD-1357FEAAC30A}.Debug|Any CPU.ActiveCfg = Debug|Any CPU
		{469BB8AB-DCEF-469B-8BCD-1357FEAAC30A}.Debug|Any CPU.Build.0 = Debug|Any CPU
		{469BB8AB-DCEF-469B-8BCD-1357FEAAC30A}.Release|Any CPU.ActiveCfg = Release|Any CPU
		{469BB8AB-DCEF-469B-8BCD-1357FEAAC30A}.Release|Any CPU.Build.0 = Release|Any CPU
		{A51E25DF-A107-42E8-887C-2EDF41E7EA88}.Debug|Any CPU.ActiveCfg = Debug|Any CPU
		{A51E25DF-A107-42E8-887C-2EDF41E7EA88}.Debug|Any CPU.Build.0 = Debug|Any CPU
		{A51E25DF-A107-42E8-887C-2EDF41E7EA88}.Release|Any CPU.ActiveCfg = Release|Any CPU
		{A51E25DF-A107-42E8-887C-2EDF41E7EA88}.Release|Any CPU.Build.0 = Release|Any CPU
		{54CBF046-206C-4BCF-B32E-1A44C0284211}.Debug|Any CPU.ActiveCfg = Debug|Any CPU
		{54CBF046-206C-4BCF-B32E-1A44C0284211}.Debug|Any CPU.Build.0 = Debug|Any CPU
		{54CBF046-206C-4BCF-B32E-1A44C0284211}.Release|Any CPU.ActiveCfg = Release|Any CPU
		{54CBF046-206C-4BCF-B32E-1A44C0284211}.Release|Any CPU.Build.0 = Release|Any CPU
	EndGlobalSection
	GlobalSection(SolutionProperties) = preSolution
		HideSolutionNode = FALSE
	EndGlobalSection
	GlobalSection(NestedProjects) = preSolution
		{469BB8AB-DCEF-469B-8BCD-1357FEAAC30A} = {550E9610-BDD2-4752-B971-9D00165EAB80}
		{A51E25DF-A107-42E8-887C-2EDF41E7EA88} = {706F0B9B-64B4-49C0-B3AA-4550DB46A373}
		{54CBF046-206C-4BCF-B32E-1A44C0284211} = {34F01E72-F697-4FDD-8B87-315A8851D253}
	EndGlobalSection
	GlobalSection(ExtensibilityGlobals) = postSolution
		SolutionGuid = {85A5B077-7C3A-4E33-A856-50BCC3DFF1CF}
	EndGlobalSection
EndGlobal
