
Microsoft Visual Studio Solution File, Format Version 12.00
# Visual Studio 15
VisualStudioVersion = 15.0.28010.2046
MinimumVisualStudioVersion = 10.0.40219.1
Project("{FAE04EC0-301F-11D3-BF4B-00C04F79EFBC}") = "XGames.Domain", "XGames.Domain\XGames.Domain.csproj", "{469BB8AB-DCEF-469B-8BCD-1357FEAAC30A}"
EndProject
Project("{2150E333-8FDC-42A3-9474-1A3956D46DE8}") = "Domain", "Domain", "{550E9610-BDD2-4752-B971-9D00165EAB80}"
EndProject
Project("{2150E333-8FDC-42A3-9474-1A3956D46DE8}") = "Infrastructure", "Infrastructure", "{0F833B85-A17D-49CC-89BB-DDF97988B567}"
EndProject
Project("{FAE04EC0-301F-11D3-BF4B-00C04F79EFBC}") = "XGames.Infrastructure", "Infrastructure\XGames.Infrastructure.csproj", "{54CBF046-206C-4BCF-B32E-1A44C0284211}"
EndProject
Project("{2150E333-8FDC-42A3-9474-1A3956D46DE8}") = "IOC", "IOC", "{4017BA4B-A541-4BDD-AE44-5AB5C75A6F27}"
EndProject
Project("{FAE04EC0-301F-11D3-BF4B-00C04F79EFBC}") = "XGame.IoC", "XGame.IoC\XGame.IoC.csproj", "{0CD23DBF-011C-4710-A253-C9E0AE040C14}"
EndProject
Project("{2150E333-8FDC-42A3-9474-1A3956D46DE8}") = "API", "API", "{2B175D2A-9B77-4107-A835-2995357A0026}"
EndProject
Project("{FAE04EC0-301F-11D3-BF4B-00C04F79EFBC}") = "XGame.Api", "XGame.Api\XGame.Api.csproj", "{C5726B9E-B301-4382-9DD4-BC331F432E91}"
EndProject
Global
	GlobalSection(SolutionConfigurationPlatforms) = preSolution
		Debug|Any CPU = Debug|Any CPU
		Release|Any CPU = Release|Any CPU
	EndGlobalSection
	GlobalSection(ProjectConfigurationPlatforms) = postSolution
		{469BB8AB-DCEF-469B-8BCD-1357FEAAC30A}.Debug|Any CPU.ActiveCfg = Debug|Any CPU
		{469BB8AB-DCEF-469B-8BCD-1357FEAAC30A}.Debug|Any CPU.Build.0 = Debug|Any CPU
		{469BB8AB-DCEF-469B-8BCD-1357FEAAC30A}.Release|Any CPU.ActiveCfg = Release|Any CPU
		{469BB8AB-DCEF-469B-8BCD-1357FEAAC30A}.Release|Any CPU.Build.0 = Release|Any CPU
		{54CBF046-206C-4BCF-B32E-1A44C0284211}.Debug|Any CPU.ActiveCfg = Debug|Any CPU
		{54CBF046-206C-4BCF-B32E-1A44C0284211}.Debug|Any CPU.Build.0 = Debug|Any CPU
		{54CBF046-206C-4BCF-B32E-1A44C0284211}.Release|Any CPU.ActiveCfg = Release|Any CPU
		{54CBF046-206C-4BCF-B32E-1A44C0284211}.Release|Any CPU.Build.0 = Release|Any CPU
		{0CD23DBF-011C-4710-A253-C9E0AE040C14}.Debug|Any CPU.ActiveCfg = Debug|Any CPU
		{0CD23DBF-011C-4710-A253-C9E0AE040C14}.Debug|Any CPU.Build.0 = Debug|Any CPU
		{0CD23DBF-011C-4710-A253-C9E0AE040C14}.Release|Any CPU.ActiveCfg = Release|Any CPU
		{0CD23DBF-011C-4710-A253-C9E0AE040C14}.Release|Any CPU.Build.0 = Release|Any CPU
		{C5726B9E-B301-4382-9DD4-BC331F432E91}.Debug|Any CPU.ActiveCfg = Debug|Any CPU
		{C5726B9E-B301-4382-9DD4-BC331F432E91}.Debug|Any CPU.Build.0 = Debug|Any CPU
		{C5726B9E-B301-4382-9DD4-BC331F432E91}.Release|Any CPU.ActiveCfg = Release|Any CPU
		{C5726B9E-B301-4382-9DD4-BC331F432E91}.Release|Any CPU.Build.0 = Release|Any CPU
	EndGlobalSection
	GlobalSection(SolutionProperties) = preSolution
		HideSolutionNode = FALSE
	EndGlobalSection
	GlobalSection(NestedProjects) = preSolution
		{469BB8AB-DCEF-469B-8BCD-1357FEAAC30A} = {550E9610-BDD2-4752-B971-9D00165EAB80}
		{54CBF046-206C-4BCF-B32E-1A44C0284211} = {0F833B85-A17D-49CC-89BB-DDF97988B567}
		{0CD23DBF-011C-4710-A253-C9E0AE040C14} = {4017BA4B-A541-4BDD-AE44-5AB5C75A6F27}
		{C5726B9E-B301-4382-9DD4-BC331F432E91} = {2B175D2A-9B77-4107-A835-2995357A0026}
	EndGlobalSection
	GlobalSection(ExtensibilityGlobals) = postSolution
		SolutionGuid = {85A5B077-7C3A-4E33-A856-50BCC3DFF1CF}
	EndGlobalSection
EndGlobal
